
Microsoft Visual Studio Solution File, Format Version 12.00
# Visual Studio 15
VisualStudioVersion = 15.0.26124.0
MinimumVisualStudioVersion = 15.0.26124.0
Project("{2150E333-8FDC-42A3-9474-1A3956D46DE8}") = "src", "src", "{908D55AA-5CD3-4DE2-B5B6-B7638F26C050}"
EndProject
Project("{FAE04EC0-301F-11D3-BF4B-00C04F79EFBC}") = "TRDomainDriven.Core", "src\Core\TRDomainDriven.Core.csproj", "{96531D68-E967-47B7-8B30-45EAC0DCA3F7}"
EndProject
Project("{2150E333-8FDC-42A3-9474-1A3956D46DE8}") = "tests", "tests", "{9BCEE9F8-3883-49CC-A47C-5800C9220897}"
EndProject
Project("{FAE04EC0-301F-11D3-BF4B-00C04F79EFBC}") = "TRDomainDriven.Core.Tests", "tests\Core\TRDomainDriven.Core.Tests.csproj", "{8E9AB48C-A2B8-4A82-A5E1-F76300AF8F6F}"
EndProject
Global
	GlobalSection(SolutionConfigurationPlatforms) = preSolution
		Debug|Any CPU = Debug|Any CPU
		Debug|x64 = Debug|x64
		Debug|x86 = Debug|x86
		Release|Any CPU = Release|Any CPU
		Release|x64 = Release|x64
		Release|x86 = Release|x86
	EndGlobalSection
	GlobalSection(SolutionProperties) = preSolution
		HideSolutionNode = FALSE
	EndGlobalSection
	GlobalSection(ProjectConfigurationPlatforms) = postSolution
		{96531D68-E967-47B7-8B30-45EAC0DCA3F7}.Debug|Any CPU.ActiveCfg = Debug|Any CPU
		{96531D68-E967-47B7-8B30-45EAC0DCA3F7}.Debug|Any CPU.Build.0 = Debug|Any CPU
		{96531D68-E967-47B7-8B30-45EAC0DCA3F7}.Debug|x64.ActiveCfg = Debug|Any CPU
		{96531D68-E967-47B7-8B30-45EAC0DCA3F7}.Debug|x64.Build.0 = Debug|Any CPU
		{96531D68-E967-47B7-8B30-45EAC0DCA3F7}.Debug|x86.ActiveCfg = Debug|Any CPU
		{96531D68-E967-47B7-8B30-45EAC0DCA3F7}.Debug|x86.Build.0 = Debug|Any CPU
		{96531D68-E967-47B7-8B30-45EAC0DCA3F7}.Release|Any CPU.ActiveCfg = Release|Any CPU
		{96531D68-E967-47B7-8B30-45EAC0DCA3F7}.Release|Any CPU.Build.0 = Release|Any CPU
		{96531D68-E967-47B7-8B30-45EAC0DCA3F7}.Release|x64.ActiveCfg = Release|Any CPU
		{96531D68-E967-47B7-8B30-45EAC0DCA3F7}.Release|x64.Build.0 = Release|Any CPU
		{96531D68-E967-47B7-8B30-45EAC0DCA3F7}.Release|x86.ActiveCfg = Release|Any CPU
		{96531D68-E967-47B7-8B30-45EAC0DCA3F7}.Release|x86.Build.0 = Release|Any CPU
		{8E9AB48C-A2B8-4A82-A5E1-F76300AF8F6F}.Debug|Any CPU.ActiveCfg = Debug|Any CPU
		{8E9AB48C-A2B8-4A82-A5E1-F76300AF8F6F}.Debug|Any CPU.Build.0 = Debug|Any CPU
		{8E9AB48C-A2B8-4A82-A5E1-F76300AF8F6F}.Debug|x64.ActiveCfg = Debug|Any CPU
		{8E9AB48C-A2B8-4A82-A5E1-F76300AF8F6F}.Debug|x64.Build.0 = Debug|Any CPU
		{8E9AB48C-A2B8-4A82-A5E1-F76300AF8F6F}.Debug|x86.ActiveCfg = Debug|Any CPU
		{8E9AB48C-A2B8-4A82-A5E1-F76300AF8F6F}.Debug|x86.Build.0 = Debug|Any CPU
		{8E9AB48C-A2B8-4A82-A5E1-F76300AF8F6F}.Release|Any CPU.ActiveCfg = Release|Any CPU
		{8E9AB48C-A2B8-4A82-A5E1-F76300AF8F6F}.Release|Any CPU.Build.0 = Release|Any CPU
		{8E9AB48C-A2B8-4A82-A5E1-F76300AF8F6F}.Release|x64.ActiveCfg = Release|Any CPU
		{8E9AB48C-A2B8-4A82-A5E1-F76300AF8F6F}.Release|x64.Build.0 = Release|Any CPU
		{8E9AB48C-A2B8-4A82-A5E1-F76300AF8F6F}.Release|x86.ActiveCfg = Release|Any CPU
		{8E9AB48C-A2B8-4A82-A5E1-F76300AF8F6F}.Release|x86.Build.0 = Release|Any CPU
	EndGlobalSection
	GlobalSection(NestedProjects) = preSolution
		{96531D68-E967-47B7-8B30-45EAC0DCA3F7} = {908D55AA-5CD3-4DE2-B5B6-B7638F26C050}
		{8E9AB48C-A2B8-4A82-A5E1-F76300AF8F6F} = {9BCEE9F8-3883-49CC-A47C-5800C9220897}
	EndGlobalSection
EndGlobal
